// !$*UTF8*$!
{
	archiveVersion = 1;
	classes = {
	};
	objectVersion = 50;
	objects = {

/* Begin PBXBuildFile section */
		0B0F418A2E8FD355008A86CF /* AppDelegate.swift in Sources */ = {isa = PBXBuildFile; fileRef = 0B0F41892E8FD355008A86CF /* AppDelegate.swift */; };
		0B0F418C2E8FD355008A86CF /* SceneDelegate.swift in Sources */ = {isa = PBXBuildFile; fileRef = 0B0F418B2E8FD355008A86CF /* SceneDelegate.swift */; };
		0B0F418E2E8FD355008A86CF /* ViewController.swift in Sources */ = {isa = PBXBuildFile; fileRef = 0B0F418D2E8FD355008A86CF /* ViewController.swift */; };
		0B0F41912E8FD355008A86CF /* Main.storyboard in Resources */ = {isa = PBXBuildFile; fileRef = 0B0F418F2E8FD355008A86CF /* Main.storyboard */; };
		0B0F41932E8FD356008A86CF /* Assets.xcassets in Resources */ = {isa = PBXBuildFile; fileRef = 0B0F41922E8FD356008A86CF /* Assets.xcassets */; };
		0B0F41962E8FD356008A86CF /* LaunchScreen.storyboard in Resources */ = {isa = PBXBuildFile; fileRef = 0B0F41942E8FD356008A86CF /* LaunchScreen.storyboard */; };
		0B0F419F2E8FE39C008A86CF /* Dicee.storyboard in Resources */ = {isa = PBXBuildFile; fileRef = 0B0F419E2E8FE39C008A86CF /* Dicee.storyboard */; };
		0B0F41A32E8FE47E008A86CF /* DiceeViewController.swift in Sources */ = {isa = PBXBuildFile; fileRef = 0B0F41A22E8FE47E008A86CF /* DiceeViewController.swift */; };
		0B1C509C2E9A9C2400CA0D26 /* QuizLogic.swift in Sources */ = {isa = PBXBuildFile; fileRef = 0B1C509B2E9A9C2400CA0D26 /* QuizLogic.swift */; };
		0B48042A2E9A7F0500012BDA /* Question.swift in Sources */ = {isa = PBXBuildFile; fileRef = 0B4804292E9A7F0500012BDA /* Question.swift */; };
		0B723B662E9F7D57006FF178 /* WeatherModel.swift in Sources */ = {isa = PBXBuildFile; fileRef = 0B723B652E9F7D57006FF178 /* WeatherModel.swift */; };
		0B8B60622E9CEC92009736D1 /* CalculatorLogic.swift in Sources */ = {isa = PBXBuildFile; fileRef = 0B8B60612E9CEC92009736D1 /* CalculatorLogic.swift */; };
		0B8B60642E9CFDC0009736D1 /* BMI.swift in Sources */ = {isa = PBXBuildFile; fileRef = 0B8B60632E9CFDC0009736D1 /* BMI.swift */; };
		0B8B60682E9D3FB1009736D1 /* Weather.storyboard in Resources */ = {isa = PBXBuildFile; fileRef = 0B8B60672E9D3FB0009736D1 /* Weather.storyboard */; };
		0B8B606B2E9D400D009736D1 /* WeatherViewController.swift in Sources */ = {isa = PBXBuildFile; fileRef = 0B8B606A2E9D400D009736D1 /* WeatherViewController.swift */; };
		0B9224A52E9E7EB900009FEB /* WeatherManager.swift in Sources */ = {isa = PBXBuildFile; fileRef = 0B9224A42E9E7EB900009FEB /* WeatherManager.swift */; };
		0B9224A72E9E8B6B00009FEB /* WeatherData.swift in Sources */ = {isa = PBXBuildFile; fileRef = 0B9224A62E9E8B6B00009FEB /* WeatherData.swift */; };
		0B92D82B2EA379E100337047 /* FlashChat.storyboard in Resources */ = {isa = PBXBuildFile; fileRef = 0B92D82A2EA379E100337047 /* FlashChat.storyboard */; };
		0B92D82D2EA37A8600337047 /* WelcomeViewController.swift in Sources */ = {isa = PBXBuildFile; fileRef = 0B92D82C2EA37A8600337047 /* WelcomeViewController.swift */; };
		0B92D82F2EA37AB900337047 /* RegisterViewController.swift in Sources */ = {isa = PBXBuildFile; fileRef = 0B92D82E2EA37AB900337047 /* RegisterViewController.swift */; };
		0B92D8312EA37AD200337047 /* LoginViewController.swift in Sources */ = {isa = PBXBuildFile; fileRef = 0B92D8302EA37AD200337047 /* LoginViewController.swift */; };
		0B92D8332EA37B9500337047 /* ChatViewController.swift in Sources */ = {isa = PBXBuildFile; fileRef = 0B92D8322EA37B9500337047 /* ChatViewController.swift */; };
		0B960D862E9A3F6E00E2E652 /* Quizz.storyboard in Resources */ = {isa = PBXBuildFile; fileRef = 0B960D852E9A3F6E00E2E652 /* Quizz.storyboard */; };
		0B960D882E9A3F8C00E2E652 /* QuizzViewController.swift in Sources */ = {isa = PBXBuildFile; fileRef = 0B960D872E9A3F8C00E2E652 /* QuizzViewController.swift */; };
		0B9DB2682E9BA93600A000D7 /* BMICalculator.storyboard in Resources */ = {isa = PBXBuildFile; fileRef = 0B9DB2672E9BA93600A000D7 /* BMICalculator.storyboard */; };
		0B9DB26A2E9BA9BF00A000D7 /* BMICalculatorViewController.swift in Sources */ = {isa = PBXBuildFile; fileRef = 0B9DB2692E9BA9BF00A000D7 /* BMICalculatorViewController.swift */; };
		0B9DB26C2E9BAEBF00A000D7 /* ResultViewController.swift in Sources */ = {isa = PBXBuildFile; fileRef = 0B9DB26B2E9BAEBF00A000D7 /* ResultViewController.swift */; };
		0BFD55492EAA735E0092A072 /* HackerNews.swift in Sources */ = {isa = PBXBuildFile; fileRef = 0BFD55482EAA735E0092A072 /* HackerNews.swift */; };
/* End PBXBuildFile section */

/* Begin PBXFileReference section */
		0B0F41862E8FD355008A86CF /* swift practice.app */ = {isa = PBXFileReference; explicitFileType = wrapper.application; includeInIndex = 0; path = "swift practice.app"; sourceTree = BUILT_PRODUCTS_DIR; };
		0B0F41892E8FD355008A86CF /* AppDelegate.swift */ = {isa = PBXFileReference; lastKnownFileType = sourcecode.swift; path = AppDelegate.swift; sourceTree = "<group>"; };
		0B0F418B2E8FD355008A86CF /* SceneDelegate.swift */ = {isa = PBXFileReference; lastKnownFileType = sourcecode.swift; path = SceneDelegate.swift; sourceTree = "<group>"; };
		0B0F418D2E8FD355008A86CF /* ViewController.swift */ = {isa = PBXFileReference; lastKnownFileType = sourcecode.swift; path = ViewController.swift; sourceTree = "<group>"; };
		0B0F41902E8FD355008A86CF /* Base */ = {isa = PBXFileReference; lastKnownFileType = file.storyboard; name = Base; path = Base.lproj/Main.storyboard; sourceTree = "<group>"; };
		0B0F41922E8FD356008A86CF /* Assets.xcassets */ = {isa = PBXFileReference; lastKnownFileType = folder.assetcatalog; path = Assets.xcassets; sourceTree = "<group>"; };
		0B0F41952E8FD356008A86CF /* Base */ = {isa = PBXFileReference; lastKnownFileType = file.storyboard; name = Base; path = Base.lproj/LaunchScreen.storyboard; sourceTree = "<group>"; };
		0B0F41972E8FD356008A86CF /* Info.plist */ = {isa = PBXFileReference; lastKnownFileType = text.plist.xml; path = Info.plist; sourceTree = "<group>"; };
		0B0F419E2E8FE39C008A86CF /* Dicee.storyboard */ = {isa = PBXFileReference; lastKnownFileType = file.storyboard; path = Dicee.storyboard; sourceTree = "<group>"; };
		0B0F41A22E8FE47E008A86CF /* DiceeViewController.swift */ = {isa = PBXFileReference; lastKnownFileType = sourcecode.swift; path = DiceeViewController.swift; sourceTree = "<group>"; };
		0B1C509B2E9A9C2400CA0D26 /* QuizLogic.swift */ = {isa = PBXFileReference; lastKnownFileType = sourcecode.swift; path = QuizLogic.swift; sourceTree = "<group>"; };
		0B4804292E9A7F0500012BDA /* Question.swift */ = {isa = PBXFileReference; lastKnownFileType = sourcecode.swift; path = Question.swift; sourceTree = "<group>"; };
		0B723B652E9F7D57006FF178 /* WeatherModel.swift */ = {isa = PBXFileReference; lastKnownFileType = sourcecode.swift; path = WeatherModel.swift; sourceTree = "<group>"; };
		0B8B60612E9CEC92009736D1 /* CalculatorLogic.swift */ = {isa = PBXFileReference; lastKnownFileType = sourcecode.swift; path = CalculatorLogic.swift; sourceTree = "<group>"; };
		0B8B60632E9CFDC0009736D1 /* BMI.swift */ = {isa = PBXFileReference; lastKnownFileType = sourcecode.swift; path = BMI.swift; sourceTree = "<group>"; };
		0B8B60672E9D3FB0009736D1 /* Weather.storyboard */ = {isa = PBXFileReference; lastKnownFileType = file.storyboard; path = Weather.storyboard; sourceTree = "<group>"; };
		0B8B606A2E9D400D009736D1 /* WeatherViewController.swift */ = {isa = PBXFileReference; lastKnownFileType = sourcecode.swift; path = WeatherViewController.swift; sourceTree = "<group>"; };
		0B9224A42E9E7EB900009FEB /* WeatherManager.swift */ = {isa = PBXFileReference; lastKnownFileType = sourcecode.swift; path = WeatherManager.swift; sourceTree = "<group>"; };
		0B9224A62E9E8B6B00009FEB /* WeatherData.swift */ = {isa = PBXFileReference; lastKnownFileType = sourcecode.swift; path = WeatherData.swift; sourceTree = "<group>"; };
		0B92D82A2EA379E100337047 /* FlashChat.storyboard */ = {isa = PBXFileReference; lastKnownFileType = file.storyboard; path = FlashChat.storyboard; sourceTree = "<group>"; };
		0B92D82C2EA37A8600337047 /* WelcomeViewController.swift */ = {isa = PBXFileReference; lastKnownFileType = sourcecode.swift; path = WelcomeViewController.swift; sourceTree = "<group>"; };
		0B92D82E2EA37AB900337047 /* RegisterViewController.swift */ = {isa = PBXFileReference; lastKnownFileType = sourcecode.swift; path = RegisterViewController.swift; sourceTree = "<group>"; };
		0B92D8302EA37AD200337047 /* LoginViewController.swift */ = {isa = PBXFileReference; lastKnownFileType = sourcecode.swift; path = LoginViewController.swift; sourceTree = "<group>"; };
		0B92D8322EA37B9500337047 /* ChatViewController.swift */ = {isa = PBXFileReference; lastKnownFileType = sourcecode.swift; path = ChatViewController.swift; sourceTree = "<group>"; };
		0B960D852E9A3F6E00E2E652 /* Quizz.storyboard */ = {isa = PBXFileReference; lastKnownFileType = file.storyboard; path = Quizz.storyboard; sourceTree = "<group>"; };
		0B960D872E9A3F8C00E2E652 /* QuizzViewController.swift */ = {isa = PBXFileReference; lastKnownFileType = sourcecode.swift; path = QuizzViewController.swift; sourceTree = "<group>"; };
		0B9DB2672E9BA93600A000D7 /* BMICalculator.storyboard */ = {isa = PBXFileReference; lastKnownFileType = file.storyboard; path = BMICalculator.storyboard; sourceTree = "<group>"; };
		0B9DB2692E9BA9BF00A000D7 /* BMICalculatorViewController.swift */ = {isa = PBXFileReference; lastKnownFileType = sourcecode.swift; path = BMICalculatorViewController.swift; sourceTree = "<group>"; };
		0B9DB26B2E9BAEBF00A000D7 /* ResultViewController.swift */ = {isa = PBXFileReference; lastKnownFileType = sourcecode.swift; path = ResultViewController.swift; sourceTree = "<group>"; };
		0BFD55482EAA735E0092A072 /* HackerNews.swift */ = {isa = PBXFileReference; lastKnownFileType = sourcecode.swift; path = HackerNews.swift; sourceTree = "<group>"; };
/* End PBXFileReference section */

/* Begin PBXFrameworksBuildPhase section */
		0B0F41832E8FD355008A86CF /* Frameworks */ = {
			isa = PBXFrameworksBuildPhase;
			buildActionMask = 2147483647;
			files = (
			);
			runOnlyForDeploymentPostprocessing = 0;
		};
/* End PBXFrameworksBuildPhase section */

/* Begin PBXGroup section */
		0B0F417D2E8FD355008A86CF = {
			isa = PBXGroup;
			children = (
				0B0F41882E8FD355008A86CF /* swift practice */,
				0B0F41872E8FD355008A86CF /* Products */,
			);
			sourceTree = "<group>";
		};
		0B0F41872E8FD355008A86CF /* Products */ = {
			isa = PBXGroup;
			children = (
				0B0F41862E8FD355008A86CF /* swift practice.app */,
			);
			name = Products;
			sourceTree = "<group>";
		};
		0B0F41882E8FD355008A86CF /* swift practice */ = {
			isa = PBXGroup;
			children = (
				0B92D8262EA378B000337047 /* flash_chat */,
				0B8B60652E9D3ECA009736D1 /* weather */,
				0B9DB2632E9BA8B000A000D7 /* bmi_calculator */,
				0B960D842E9A3F3900E2E652 /* quizz */,
				0B0F419D2E8FDEF4008A86CF /* dicee */,
				0BFD554A2EAA736E0092A072 /* hacker_news */,
				0B0F41892E8FD355008A86CF /* AppDelegate.swift */,
				0B0F418B2E8FD355008A86CF /* SceneDelegate.swift */,
				0B0F418D2E8FD355008A86CF /* ViewController.swift */,
				0B0F418F2E8FD355008A86CF /* Main.storyboard */,
				0B0F41922E8FD356008A86CF /* Assets.xcassets */,
				0B0F41942E8FD356008A86CF /* LaunchScreen.storyboard */,
				0B0F41972E8FD356008A86CF /* Info.plist */,
			);
			path = "swift practice";
			sourceTree = "<group>";
		};
		0B0F419D2E8FDEF4008A86CF /* dicee */ = {
			isa = PBXGroup;
			children = (
				0B0F419E2E8FE39C008A86CF /* Dicee.storyboard */,
				0B0F41A22E8FE47E008A86CF /* DiceeViewController.swift */,
			);
			path = dicee;
			sourceTree = "<group>";
		};
		0B1C50982E9A9B9B00CA0D26 /* model */ = {
			isa = PBXGroup;
			children = (
				0B4804292E9A7F0500012BDA /* Question.swift */,
				0B1C509B2E9A9C2400CA0D26 /* QuizLogic.swift */,
			);
			path = model;
			sourceTree = "<group>";
		};
		0B1C50992E9A9BC300CA0D26 /* view */ = {
			isa = PBXGroup;
			children = (
				0B960D852E9A3F6E00E2E652 /* Quizz.storyboard */,
			);
			path = view;
			sourceTree = "<group>";
		};
		0B1C509A2E9A9BCC00CA0D26 /* controller */ = {
			isa = PBXGroup;
			children = (
				0B960D872E9A3F8C00E2E652 /* QuizzViewController.swift */,
			);
			path = controller;
			sourceTree = "<group>";
		};
		0B8B60652E9D3ECA009736D1 /* weather */ = {
			isa = PBXGroup;
			children = (
				0B9224A32E9E7E9700009FEB /* model */,
				0B8B60692E9D3FE6009736D1 /* controller */,
				0B8B60662E9D3F9D009736D1 /* view */,
			);
			path = weather;
			sourceTree = "<group>";
		};
		0B8B60662E9D3F9D009736D1 /* view */ = {
			isa = PBXGroup;
			children = (
				0B8B60672E9D3FB0009736D1 /* Weather.storyboard */,
			);
			path = view;
			sourceTree = "<group>";
		};
		0B8B60692E9D3FE6009736D1 /* controller */ = {
			isa = PBXGroup;
			children = (
				0B8B606A2E9D400D009736D1 /* WeatherViewController.swift */,
			);
			path = controller;
			sourceTree = "<group>";
		};
		0B9224A32E9E7E9700009FEB /* model */ = {
			isa = PBXGroup;
			children = (
				0B9224A42E9E7EB900009FEB /* WeatherManager.swift */,
				0B9224A62E9E8B6B00009FEB /* WeatherData.swift */,
				0B723B652E9F7D57006FF178 /* WeatherModel.swift */,
			);
			path = model;
			sourceTree = "<group>";
		};
		0B92D8262EA378B000337047 /* flash_chat */ = {
			isa = PBXGroup;
			children = (
				0B92D8292EA378DE00337047 /* controller */,
				0B92D8282EA378D800337047 /* view */,
				0B92D8272EA378CC00337047 /* model */,
			);
			path = flash_chat;
			sourceTree = "<group>";
		};
		0B92D8272EA378CC00337047 /* model */ = {
			isa = PBXGroup;
			children = (
			);
			path = model;
			sourceTree = "<group>";
		};
		0B92D8282EA378D800337047 /* view */ = {
			isa = PBXGroup;
			children = (
				0B92D82A2EA379E100337047 /* FlashChat.storyboard */,
			);
			path = view;
			sourceTree = "<group>";
		};
		0B92D8292EA378DE00337047 /* controller */ = {
			isa = PBXGroup;
			children = (
				0B92D82C2EA37A8600337047 /* WelcomeViewController.swift */,
				0B92D82E2EA37AB900337047 /* RegisterViewController.swift */,
				0B92D8302EA37AD200337047 /* LoginViewController.swift */,
				0B92D8322EA37B9500337047 /* ChatViewController.swift */,
			);
			path = controller;
			sourceTree = "<group>";
		};
		0B960D842E9A3F3900E2E652 /* quizz */ = {
			isa = PBXGroup;
			children = (
				0B1C50992E9A9BC300CA0D26 /* view */,
				0B1C509A2E9A9BCC00CA0D26 /* controller */,
				0B1C50982E9A9B9B00CA0D26 /* model */,
			);
			path = quizz;
			sourceTree = "<group>";
		};
		0B9DB2632E9BA8B000A000D7 /* bmi_calculator */ = {
			isa = PBXGroup;
			children = (
				0B9DB2662E9BA8E000A000D7 /* controller */,
				0B9DB2652E9BA8D500A000D7 /* view */,
				0B9DB2642E9BA8C200A000D7 /* model */,
			);
			path = bmi_calculator;
			sourceTree = "<group>";
		};
		0B9DB2642E9BA8C200A000D7 /* model */ = {
			isa = PBXGroup;
			children = (
				0B8B60612E9CEC92009736D1 /* CalculatorLogic.swift */,
				0B8B60632E9CFDC0009736D1 /* BMI.swift */,
			);
			path = model;
			sourceTree = "<group>";
		};
		0B9DB2652E9BA8D500A000D7 /* view */ = {
			isa = PBXGroup;
			children = (
				0B9DB2672E9BA93600A000D7 /* BMICalculator.storyboard */,
			);
			path = view;
			sourceTree = "<group>";
		};
		0B9DB2662E9BA8E000A000D7 /* controller */ = {
			isa = PBXGroup;
			children = (
				0B9DB2692E9BA9BF00A000D7 /* BMICalculatorViewController.swift */,
				0B9DB26B2E9BAEBF00A000D7 /* ResultViewController.swift */,
			);
			path = controller;
			sourceTree = "<group>";
		};
		0BFD554A2EAA736E0092A072 /* hacker_news */ = {
			isa = PBXGroup;
			children = (
				0BFD55482EAA735E0092A072 /* HackerNews.swift */,
			);
			path = hacker_news;
			sourceTree = "<group>";
		};
/* End PBXGroup section */

/* Begin PBXNativeTarget section */
		0B0F41852E8FD355008A86CF /* swift practice */ = {
			isa = PBXNativeTarget;
			buildConfigurationList = 0B0F419A2E8FD356008A86CF /* Build configuration list for PBXNativeTarget "swift practice" */;
			buildPhases = (
				0B0F41822E8FD355008A86CF /* Sources */,
				0B0F41832E8FD355008A86CF /* Frameworks */,
				0B0F41842E8FD355008A86CF /* Resources */,
			);
			buildRules = (
			);
			dependencies = (
			);
			name = "swift practice";
			productName = "swift practice";
			productReference = 0B0F41862E8FD355008A86CF /* swift practice.app */;
			productType = "com.apple.product-type.application";
		};
/* End PBXNativeTarget section */

/* Begin PBXProject section */
		0B0F417E2E8FD355008A86CF /* Project object */ = {
			isa = PBXProject;
			attributes = {
				LastSwiftUpdateCheck = 1130;
				LastUpgradeCheck = 1130;
				ORGANIZATIONNAME = mstf;
				TargetAttributes = {
					0B0F41852E8FD355008A86CF = {
						CreatedOnToolsVersion = 11.3.1;
					};
				};
			};
			buildConfigurationList = 0B0F41812E8FD355008A86CF /* Build configuration list for PBXProject "swift practice" */;
			compatibilityVersion = "Xcode 9.3";
			developmentRegion = en;
			hasScannedForEncodings = 0;
			knownRegions = (
				en,
				Base,
			);
			mainGroup = 0B0F417D2E8FD355008A86CF;
			productRefGroup = 0B0F41872E8FD355008A86CF /* Products */;
			projectDirPath = "";
			projectRoot = "";
			targets = (
				0B0F41852E8FD355008A86CF /* swift practice */,
			);
		};
/* End PBXProject section */

/* Begin PBXResourcesBuildPhase section */
		0B0F41842E8FD355008A86CF /* Resources */ = {
			isa = PBXResourcesBuildPhase;
			buildActionMask = 2147483647;
			files = (
				0B8B60682E9D3FB1009736D1 /* Weather.storyboard in Resources */,
				0B92D82B2EA379E100337047 /* FlashChat.storyboard in Resources */,
				0B0F41962E8FD356008A86CF /* LaunchScreen.storyboard in Resources */,
				0B0F419F2E8FE39C008A86CF /* Dicee.storyboard in Resources */,
				0B960D862E9A3F6E00E2E652 /* Quizz.storyboard in Resources */,
				0B9DB2682E9BA93600A000D7 /* BMICalculator.storyboard in Resources */,
				0B0F41932E8FD356008A86CF /* Assets.xcassets in Resources */,
				0B0F41912E8FD355008A86CF /* Main.storyboard in Resources */,
			);
			runOnlyForDeploymentPostprocessing = 0;
		};
/* End PBXResourcesBuildPhase section */

/* Begin PBXSourcesBuildPhase section */
		0B0F41822E8FD355008A86CF /* Sources */ = {
			isa = PBXSourcesBuildPhase;
			buildActionMask = 2147483647;
			files = (
				0B92D8312EA37AD200337047 /* LoginViewController.swift in Sources */,
				0B0F418E2E8FD355008A86CF /* ViewController.swift in Sources */,
				0B92D82D2EA37A8600337047 /* WelcomeViewController.swift in Sources */,
				0B0F41A32E8FE47E008A86CF /* DiceeViewController.swift in Sources */,
				0B9224A72E9E8B6B00009FEB /* WeatherData.swift in Sources */,
				0B8B606B2E9D400D009736D1 /* WeatherViewController.swift in Sources */,
				0B723B662E9F7D57006FF178 /* WeatherModel.swift in Sources */,
				0B8B60642E9CFDC0009736D1 /* BMI.swift in Sources */,
				0B9224A52E9E7EB900009FEB /* WeatherManager.swift in Sources */,
				0B8B60622E9CEC92009736D1 /* CalculatorLogic.swift in Sources */,
				0B0F418A2E8FD355008A86CF /* AppDelegate.swift in Sources */,
				0B92D8332EA37B9500337047 /* ChatViewController.swift in Sources */,
				0B48042A2E9A7F0500012BDA /* Question.swift in Sources */,
				0B1C509C2E9A9C2400CA0D26 /* QuizLogic.swift in Sources */,
				0B0F418C2E8FD355008A86CF /* SceneDelegate.swift in Sources */,
				0B92D82F2EA37AB900337047 /* RegisterViewController.swift in Sources */,
				0B960D882E9A3F8C00E2E652 /* QuizzViewController.swift in Sources */,
				0B9DB26A2E9BA9BF00A000D7 /* BMICalculatorViewController.swift in Sources */,
				0BFD55492EAA735E0092A072 /* HackerNews.swift in Sources */,
				0B9DB26C2E9BAEBF00A000D7 /* ResultViewController.swift in Sources */,
			);
			runOnlyForDeploymentPostprocessing = 0;
		};
/* End PBXSourcesBuildPhase section */

/* Begin PBXVariantGroup section */
		0B0F418F2E8FD355008A86CF /* Main.storyboard */ = {
			isa = PBXVariantGroup;
			children = (
				0B0F41902E8FD355008A86CF /* Base */,
			);
			name = Main.storyboard;
			sourceTree = "<group>";
		};
		0B0F41942E8FD356008A86CF /* LaunchScreen.storyboard */ = {
			isa = PBXVariantGroup;
			children = (
				0B0F41952E8FD356008A86CF /* Base */,
			);
			name = LaunchScreen.storyboard;
			sourceTree = "<group>";
		};
/* End PBXVariantGroup section */

/* Begin XCBuildConfiguration section */
		0B0F41982E8FD356008A86CF /* Debug */ = {
			isa = XCBuildConfiguration;
			buildSettings = {
				ALWAYS_SEARCH_USER_PATHS = NO;
				CLANG_ANALYZER_NONNULL = YES;
				CLANG_ANALYZER_NUMBER_OBJECT_CONVERSION = YES_AGGRESSIVE;
				CLANG_CXX_LANGUAGE_STANDARD = "gnu++14";
				CLANG_CXX_LIBRARY = "libc++";
				CLANG_ENABLE_MODULES = YES;
				CLANG_ENABLE_OBJC_ARC = YES;
				CLANG_ENABLE_OBJC_WEAK = YES;
				CLANG_WARN_BLOCK_CAPTURE_AUTORELEASING = YES;
				CLANG_WARN_BOOL_CONVERSION = YES;
				CLANG_WARN_COMMA = YES;
				CLANG_WARN_CONSTANT_CONVERSION = YES;
				CLANG_WARN_DEPRECATED_OBJC_IMPLEMENTATIONS = YES;
				CLANG_WARN_DIRECT_OBJC_ISA_USAGE = YES_ERROR;
				CLANG_WARN_DOCUMENTATION_COMMENTS = YES;
				CLANG_WARN_EMPTY_BODY = YES;
				CLANG_WARN_ENUM_CONVERSION = YES;
				CLANG_WARN_INFINITE_RECURSION = YES;
				CLANG_WARN_INT_CONVERSION = YES;
				CLANG_WARN_NON_LITERAL_NULL_CONVERSION = YES;
				CLANG_WARN_OBJC_IMPLICIT_RETAIN_SELF = YES;
				CLANG_WARN_OBJC_LITERAL_CONVERSION = YES;
				CLANG_WARN_OBJC_ROOT_CLASS = YES_ERROR;
				CLANG_WARN_RANGE_LOOP_ANALYSIS = YES;
				CLANG_WARN_STRICT_PROTOTYPES = YES;
				CLANG_WARN_SUSPICIOUS_MOVE = YES;
				CLANG_WARN_UNGUARDED_AVAILABILITY = YES_AGGRESSIVE;
				CLANG_WARN_UNREACHABLE_CODE = YES;
				CLANG_WARN__DUPLICATE_METHOD_MATCH = YES;
				COPY_PHASE_STRIP = NO;
				DEBUG_INFORMATION_FORMAT = dwarf;
				ENABLE_STRICT_OBJC_MSGSEND = YES;
				ENABLE_TESTABILITY = YES;
				GCC_C_LANGUAGE_STANDARD = gnu11;
				GCC_DYNAMIC_NO_PIC = NO;
				GCC_NO_COMMON_BLOCKS = YES;
				GCC_OPTIMIZATION_LEVEL = 0;
				GCC_PREPROCESSOR_DEFINITIONS = (
					"DEBUG=1",
					"$(inherited)",
				);
				GCC_WARN_64_TO_32_BIT_CONVERSION = YES;
				GCC_WARN_ABOUT_RETURN_TYPE = YES_ERROR;
				GCC_WARN_UNDECLARED_SELECTOR = YES;
				GCC_WARN_UNINITIALIZED_AUTOS = YES_AGGRESSIVE;
				GCC_WARN_UNUSED_FUNCTION = YES;
				GCC_WARN_UNUSED_VARIABLE = YES;
				IPHONEOS_DEPLOYMENT_TARGET = 13.2;
				MTL_ENABLE_DEBUG_INFO = INCLUDE_SOURCE;
				MTL_FAST_MATH = YES;
				ONLY_ACTIVE_ARCH = YES;
				SDKROOT = iphoneos;
				SWIFT_ACTIVE_COMPILATION_CONDITIONS = DEBUG;
				SWIFT_OPTIMIZATION_LEVEL = "-Onone";
			};
			name = Debug;
		};
		0B0F41992E8FD356008A86CF /* Release */ = {
			isa = XCBuildConfiguration;
			buildSettings = {
				ALWAYS_SEARCH_USER_PATHS = NO;
				CLANG_ANALYZER_NONNULL = YES;
				CLANG_ANALYZER_NUMBER_OBJECT_CONVERSION = YES_AGGRESSIVE;
				CLANG_CXX_LANGUAGE_STANDARD = "gnu++14";
				CLANG_CXX_LIBRARY = "libc++";
				CLANG_ENABLE_MODULES = YES;
				CLANG_ENABLE_OBJC_ARC = YES;
				CLANG_ENABLE_OBJC_WEAK = YES;
				CLANG_WARN_BLOCK_CAPTURE_AUTORELEASING = YES;
				CLANG_WARN_BOOL_CONVERSION = YES;
				CLANG_WARN_COMMA = YES;
				CLANG_WARN_CONSTANT_CONVERSION = YES;
				CLANG_WARN_DEPRECATED_OBJC_IMPLEMENTATIONS = YES;
				CLANG_WARN_DIRECT_OBJC_ISA_USAGE = YES_ERROR;
				CLANG_WARN_DOCUMENTATION_COMMENTS = YES;
				CLANG_WARN_EMPTY_BODY = YES;
				CLANG_WARN_ENUM_CONVERSION = YES;
				CLANG_WARN_INFINITE_RECURSION = YES;
				CLANG_WARN_INT_CONVERSION = YES;
				CLANG_WARN_NON_LITERAL_NULL_CONVERSION = YES;
				CLANG_WARN_OBJC_IMPLICIT_RETAIN_SELF = YES;
				CLANG_WARN_OBJC_LITERAL_CONVERSION = YES;
				CLANG_WARN_OBJC_ROOT_CLASS = YES_ERROR;
				CLANG_WARN_RANGE_LOOP_ANALYSIS = YES;
				CLANG_WARN_STRICT_PROTOTYPES = YES;
				CLANG_WARN_SUSPICIOUS_MOVE = YES;
				CLANG_WARN_UNGUARDED_AVAILABILITY = YES_AGGRESSIVE;
				CLANG_WARN_UNREACHABLE_CODE = YES;
				CLANG_WARN__DUPLICATE_METHOD_MATCH = YES;
				COPY_PHASE_STRIP = NO;
				DEBUG_INFORMATION_FORMAT = "dwarf-with-dsym";
				ENABLE_NS_ASSERTIONS = NO;
				ENABLE_STRICT_OBJC_MSGSEND = YES;
				GCC_C_LANGUAGE_STANDARD = gnu11;
				GCC_NO_COMMON_BLOCKS = YES;
				GCC_WARN_64_TO_32_BIT_CONVERSION = YES;
				GCC_WARN_ABOUT_RETURN_TYPE = YES_ERROR;
				GCC_WARN_UNDECLARED_SELECTOR = YES;
				GCC_WARN_UNINITIALIZED_AUTOS = YES_AGGRESSIVE;
				GCC_WARN_UNUSED_FUNCTION = YES;
				GCC_WARN_UNUSED_VARIABLE = YES;
				IPHONEOS_DEPLOYMENT_TARGET = 13.2;
				MTL_ENABLE_DEBUG_INFO = NO;
				MTL_FAST_MATH = YES;
				SDKROOT = iphoneos;
				SWIFT_COMPILATION_MODE = wholemodule;
				SWIFT_OPTIMIZATION_LEVEL = "-O";
				VALIDATE_PRODUCT = YES;
			};
			name = Release;
		};
		0B0F419B2E8FD356008A86CF /* Debug */ = {
			isa = XCBuildConfiguration;
			buildSettings = {
				ASSETCATALOG_COMPILER_APPICON_NAME = AppIcon;
				CODE_SIGN_STYLE = Automatic;
				INFOPLIST_FILE = "swift practice/Info.plist";
				LD_RUNPATH_SEARCH_PATHS = (
					"$(inherited)",
					"@executable_path/Frameworks",
				);
				PRODUCT_BUNDLE_IDENTIFIER = "com.mstf.swift-practice";
				PRODUCT_NAME = "$(TARGET_NAME)";
				SWIFT_VERSION = 5.0;
				TARGETED_DEVICE_FAMILY = "1,2";
			};
			name = Debug;
		};
		0B0F419C2E8FD356008A86CF /* Release */ = {
			isa = XCBuildConfiguration;
			buildSettings = {
				ASSETCATALOG_COMPILER_APPICON_NAME = AppIcon;
				CODE_SIGN_STYLE = Automatic;
				INFOPLIST_FILE = "swift practice/Info.plist";
				LD_RUNPATH_SEARCH_PATHS = (
					"$(inherited)",
					"@executable_path/Frameworks",
				);
				PRODUCT_BUNDLE_IDENTIFIER = "com.mstf.swift-practice";
				PRODUCT_NAME = "$(TARGET_NAME)";
				SWIFT_VERSION = 5.0;
				TARGETED_DEVICE_FAMILY = "1,2";
			};
			name = Release;
		};
/* End XCBuildConfiguration section */

/* Begin XCConfigurationList section */
		0B0F41812E8FD355008A86CF /* Build configuration list for PBXProject "swift practice" */ = {
			isa = XCConfigurationList;
			buildConfigurations = (
				0B0F41982E8FD356008A86CF /* Debug */,
				0B0F41992E8FD356008A86CF /* Release */,
			);
			defaultConfigurationIsVisible = 0;
			defaultConfigurationName = Release;
		};
		0B0F419A2E8FD356008A86CF /* Build configuration list for PBXNativeTarget "swift practice" */ = {
			isa = XCConfigurationList;
			buildConfigurations = (
				0B0F419B2E8FD356008A86CF /* Debug */,
				0B0F419C2E8FD356008A86CF /* Release */,
			);
			defaultConfigurationIsVisible = 0;
			defaultConfigurationName = Release;
		};
/* End XCConfigurationList section */
	};
	rootObject = 0B0F417E2E8FD355008A86CF /* Project object */;
}
